// !$*UTF8*$!
{
	archiveVersion = 1;
	classes = {
	};
	objectVersion = 56;
	objects = {

/* Begin PBXBuildFile section */
		B6CF68F32BE21055008EC91D /* AppEntry.swift in Sources */ = {isa = PBXBuildFile; fileRef = B6CF68F22BE21055008EC91D /* AppEntry.swift */; };
		B6CF68F52BE21055008EC91D /* StartView.swift in Sources */ = {isa = PBXBuildFile; fileRef = B6CF68F42BE21055008EC91D /* StartView.swift */; };
		B6CF68F72BE21087008EC91D /* Assets.xcassets in Resources */ = {isa = PBXBuildFile; fileRef = B6CF68F62BE21087008EC91D /* Assets.xcassets */; };
		B6CF68FA2BE21087008EC91D /* Preview Assets.xcassets in Resources */ = {isa = PBXBuildFile; fileRef = B6CF68F92BE21087008EC91D /* Preview Assets.xcassets */; };
		B6CF69012BE2145F008EC91D /* Launch Screen.storyboard in Resources */ = {isa = PBXBuildFile; fileRef = B6CF69002BE2145F008EC91D /* Launch Screen.storyboard */; };
		B6CF69042BE21A5C008EC91D /* GameModels.swift in Sources */ = {isa = PBXBuildFile; fileRef = B6CF69032BE21A5C008EC91D /* GameModels.swift */; };
		B6CF69072BE22465008EC91D /* ViewModifiers.swift in Sources */ = {isa = PBXBuildFile; fileRef = B6CF69062BE22465008EC91D /* ViewModifiers.swift */; };
		B6CF690A2BE22602008EC91D /* GameView.swift in Sources */ = {isa = PBXBuildFile; fileRef = B6CF69092BE22602008EC91D /* GameView.swift */; };
/* End PBXBuildFile section */

/* Begin PBXFileReference section */
		B6CF68EF2BE21055008EC91D /* TicTacToeClassic.app */ = {isa = PBXFileReference; explicitFileType = wrapper.application; includeInIndex = 0; path = TicTacToeClassic.app; sourceTree = BUILT_PRODUCTS_DIR; };
		B6CF68F22BE21055008EC91D /* AppEntry.swift */ = {isa = PBXFileReference; lastKnownFileType = sourcecode.swift; path = AppEntry.swift; sourceTree = "<group>"; };
		B6CF68F42BE21055008EC91D /* StartView.swift */ = {isa = PBXFileReference; lastKnownFileType = sourcecode.swift; path = StartView.swift; sourceTree = "<group>"; };
		B6CF68F62BE21087008EC91D /* Assets.xcassets */ = {isa = PBXFileReference; lastKnownFileType = folder.assetcatalog; path = Assets.xcassets; sourceTree = "<group>"; };
		B6CF68F92BE21087008EC91D /* Preview Assets.xcassets */ = {isa = PBXFileReference; lastKnownFileType = folder.assetcatalog; path = "Preview Assets.xcassets"; sourceTree = "<group>"; };
		B6CF69002BE2145F008EC91D /* Launch Screen.storyboard */ = {isa = PBXFileReference; lastKnownFileType = file.storyboard; path = "Launch Screen.storyboard"; sourceTree = "<group>"; };
		B6CF69032BE21A5C008EC91D /* GameModels.swift */ = {isa = PBXFileReference; lastKnownFileType = sourcecode.swift; path = GameModels.swift; sourceTree = "<group>"; };
		B6CF69062BE22465008EC91D /* ViewModifiers.swift */ = {isa = PBXFileReference; lastKnownFileType = sourcecode.swift; path = ViewModifiers.swift; sourceTree = "<group>"; };
		B6CF69092BE22602008EC91D /* GameView.swift */ = {isa = PBXFileReference; lastKnownFileType = sourcecode.swift; path = GameView.swift; sourceTree = "<group>"; };
/* End PBXFileReference section */

/* Begin PBXFrameworksBuildPhase section */
		B6CF68EC2BE21055008EC91D /* Frameworks */ = {
			isa = PBXFrameworksBuildPhase;
			buildActionMask = 2147483647;
			files = (
			);
			runOnlyForDeploymentPostprocessing = 0;
		};
/* End PBXFrameworksBuildPhase section */

/* Begin PBXGroup section */
		B6CF68E62BE21055008EC91D = {
			isa = PBXGroup;
			children = (
				B6CF68F12BE21055008EC91D /* TicTacToeClassic */,
				B6CF68F02BE21055008EC91D /* Products */,
			);
			sourceTree = "<group>";
		};
		B6CF68F02BE21055008EC91D /* Products */ = {
			isa = PBXGroup;
			children = (
				B6CF68EF2BE21055008EC91D /* TicTacToeClassic.app */,
			);
			name = Products;
			sourceTree = "<group>";
		};
		B6CF68F12BE21055008EC91D /* TicTacToeClassic */ = {
			isa = PBXGroup;
			children = (
				B6CF68F22BE21055008EC91D /* AppEntry.swift */,
				B6CF68F42BE21055008EC91D /* StartView.swift */,
				B6CF69082BE225D8008EC91D /* Game Screen */,
				B6CF69022BE21A3C008EC91D /* Models */,
				B6CF69052BE2242E008EC91D /* Utilities */,
				B6CF68F62BE21087008EC91D /* Assets.xcassets */,
				B6CF69002BE2145F008EC91D /* Launch Screen.storyboard */,
				B6CF68F82BE21087008EC91D /* Preview Content */,
			);
			path = TicTacToeClassic;
			sourceTree = "<group>";
		};
		B6CF68F82BE21087008EC91D /* Preview Content */ = {
			isa = PBXGroup;
			children = (
				B6CF68F92BE21087008EC91D /* Preview Assets.xcassets */,
			);
			path = "Preview Content";
			sourceTree = "<group>";
		};
		B6CF69022BE21A3C008EC91D /* Models */ = {
			isa = PBXGroup;
			children = (
				B6CF69032BE21A5C008EC91D /* GameModels.swift */,
			);
			path = Models;
			sourceTree = "<group>";
		};
		B6CF69052BE2242E008EC91D /* Utilities */ = {
			isa = PBXGroup;
			children = (
				B6CF69062BE22465008EC91D /* ViewModifiers.swift */,
			);
			path = Utilities;
			sourceTree = "<group>";
		};
		B6CF69082BE225D8008EC91D /* Game Screen */ = {
			isa = PBXGroup;
			children = (
				B6CF69092BE22602008EC91D /* GameView.swift */,
			);
			path = "Game Screen";
			sourceTree = "<group>";
		};
/* End PBXGroup section */

/* Begin PBXNativeTarget section */
		B6CF68EE2BE21055008EC91D /* TicTacToeClassic */ = {
			isa = PBXNativeTarget;
			buildConfigurationList = B6CF68FD2BE21087008EC91D /* Build configuration list for PBXNativeTarget "TicTacToeClassic" */;
			buildPhases = (
				B6CF68EB2BE21055008EC91D /* Sources */,
				B6CF68EC2BE21055008EC91D /* Frameworks */,
				B6CF68ED2BE21055008EC91D /* Resources */,
			);
			buildRules = (
			);
			dependencies = (
			);
			name = TicTacToeClassic;
			productName = TicTacToeClassic;
			productReference = B6CF68EF2BE21055008EC91D /* TicTacToeClassic.app */;
			productType = "com.apple.product-type.application";
		};
/* End PBXNativeTarget section */

/* Begin PBXProject section */
		B6CF68E72BE21055008EC91D /* Project object */ = {
			isa = PBXProject;
			attributes = {
				BuildIndependentTargetsInParallel = 1;
				LastSwiftUpdateCheck = 1530;
				LastUpgradeCheck = 1530;
				TargetAttributes = {
					B6CF68EE2BE21055008EC91D = {
						CreatedOnToolsVersion = 15.3;
					};
				};
			};
			buildConfigurationList = B6CF68EA2BE21055008EC91D /* Build configuration list for PBXProject "TicTacToeClassic" */;
			compatibilityVersion = "Xcode 14.0";
			developmentRegion = en;
			hasScannedForEncodings = 0;
			knownRegions = (
				en,
				Base,
			);
			mainGroup = B6CF68E62BE21055008EC91D;
			productRefGroup = B6CF68F02BE21055008EC91D /* Products */;
			projectDirPath = "";
			projectRoot = "";
			targets = (
				B6CF68EE2BE21055008EC91D /* TicTacToeClassic */,
			);
		};
/* End PBXProject section */

/* Begin PBXResourcesBuildPhase section */
		B6CF68ED2BE21055008EC91D /* Resources */ = {
			isa = PBXResourcesBuildPhase;
			buildActionMask = 2147483647;
			files = (
				B6CF69012BE2145F008EC91D /* Launch Screen.storyboard in Resources */,
				B6CF68FA2BE21087008EC91D /* Preview Assets.xcassets in Resources */,
				B6CF68F72BE21087008EC91D /* Assets.xcassets in Resources */,
			);
			runOnlyForDeploymentPostprocessing = 0;
		};
/* End PBXResourcesBuildPhase section */

/* Begin PBXSourcesBuildPhase section */
		B6CF68EB2BE21055008EC91D /* Sources */ = {
			isa = PBXSourcesBuildPhase;
			buildActionMask = 2147483647;
			files = (
				B6CF68F52BE21055008EC91D /* StartView.swift in Sources */,
				B6CF69042BE21A5C008EC91D /* GameModels.swift in Sources */,
				B6CF68F32BE21055008EC91D /* AppEntry.swift in Sources */,
				B6CF69072BE22465008EC91D /* ViewModifiers.swift in Sources */,
				B6CF690A2BE22602008EC91D /* GameView.swift in Sources */,
			);
			runOnlyForDeploymentPostprocessing = 0;
		};
/* End PBXSourcesBuildPhase section */

/* Begin XCBuildConfiguration section */
		B6CF68FB2BE21087008EC91D /* Debug */ = {
			isa = XCBuildConfiguration;
			buildSettings = {
				ALWAYS_SEARCH_USER_PATHS = NO;
				ASSETCATALOG_COMPILER_GENERATE_SWIFT_ASSET_SYMBOL_EXTENSIONS = YES;
				CLANG_ANALYZER_NONNULL = YES;
				CLANG_ANALYZER_NUMBER_OBJECT_CONVERSION = YES_AGGRESSIVE;
				CLANG_CXX_LANGUAGE_STANDARD = "gnu++20";
				CLANG_ENABLE_MODULES = YES;
				CLANG_ENABLE_OBJC_ARC = YES;
				CLANG_ENABLE_OBJC_WEAK = YES;
				CLANG_WARN_BLOCK_CAPTURE_AUTORELEASING = YES;
				CLANG_WARN_BOOL_CONVERSION = YES;
				CLANG_WARN_COMMA = YES;
				CLANG_WARN_CONSTANT_CONVERSION = YES;
				CLANG_WARN_DEPRECATED_OBJC_IMPLEMENTATIONS = YES;
				CLANG_WARN_DIRECT_OBJC_ISA_USAGE = YES_ERROR;
				CLANG_WARN_DOCUMENTATION_COMMENTS = YES;
				CLANG_WARN_EMPTY_BODY = YES;
				CLANG_WARN_ENUM_CONVERSION = YES;
				CLANG_WARN_INFINITE_RECURSION = YES;
				CLANG_WARN_INT_CONVERSION = YES;
				CLANG_WARN_NON_LITERAL_NULL_CONVERSION = YES;
				CLANG_WARN_OBJC_IMPLICIT_RETAIN_SELF = YES;
				CLANG_WARN_OBJC_LITERAL_CONVERSION = YES;
				CLANG_WARN_OBJC_ROOT_CLASS = YES_ERROR;
				CLANG_WARN_QUOTED_INCLUDE_IN_FRAMEWORK_HEADER = YES;
				CLANG_WARN_RANGE_LOOP_ANALYSIS = YES;
				CLANG_WARN_STRICT_PROTOTYPES = YES;
				CLANG_WARN_SUSPICIOUS_MOVE = YES;
				CLANG_WARN_UNGUARDED_AVAILABILITY = YES_AGGRESSIVE;
				CLANG_WARN_UNREACHABLE_CODE = YES;
				CLANG_WARN__DUPLICATE_METHOD_MATCH = YES;
				COPY_PHASE_STRIP = NO;
				DEBUG_INFORMATION_FORMAT = dwarf;
				ENABLE_STRICT_OBJC_MSGSEND = YES;
				ENABLE_TESTABILITY = YES;
				ENABLE_USER_SCRIPT_SANDBOXING = YES;
				GCC_C_LANGUAGE_STANDARD = gnu17;
				GCC_DYNAMIC_NO_PIC = NO;
				GCC_NO_COMMON_BLOCKS = YES;
				GCC_OPTIMIZATION_LEVEL = 0;
				GCC_PREPROCESSOR_DEFINITIONS = (
					"DEBUG=1",
					"$(inherited)",
				);
				GCC_WARN_64_TO_32_BIT_CONVERSION = YES;
				GCC_WARN_ABOUT_RETURN_TYPE = YES_ERROR;
				GCC_WARN_UNDECLARED_SELECTOR = YES;
				GCC_WARN_UNINITIALIZED_AUTOS = YES_AGGRESSIVE;
				GCC_WARN_UNUSED_FUNCTION = YES;
				GCC_WARN_UNUSED_VARIABLE = YES;
				IPHONEOS_DEPLOYMENT_TARGET = 15.0;
				LOCALIZATION_PREFERS_STRING_CATALOGS = YES;
				MTL_ENABLE_DEBUG_INFO = INCLUDE_SOURCE;
				MTL_FAST_MATH = YES;
				ONLY_ACTIVE_ARCH = YES;
				SDKROOT = iphoneos;
				SWIFT_ACTIVE_COMPILATION_CONDITIONS = "DEBUG $(inherited)";
				SWIFT_OPTIMIZATION_LEVEL = "-Onone";
			};
			name = Debug;
		};
		B6CF68FC2BE21087008EC91D /* Release */ = {
			isa = XCBuildConfiguration;
			buildSettings = {
				ALWAYS_SEARCH_USER_PATHS = NO;
				ASSETCATALOG_COMPILER_GENERATE_SWIFT_ASSET_SYMBOL_EXTENSIONS = YES;
				CLANG_ANALYZER_NONNULL = YES;
				CLANG_ANALYZER_NUMBER_OBJECT_CONVERSION = YES_AGGRESSIVE;
				CLANG_CXX_LANGUAGE_STANDARD = "gnu++20";
				CLANG_ENABLE_MODULES = YES;
				CLANG_ENABLE_OBJC_ARC = YES;
				CLANG_ENABLE_OBJC_WEAK = YES;
				CLANG_WARN_BLOCK_CAPTURE_AUTORELEASING = YES;
				CLANG_WARN_BOOL_CONVERSION = YES;
				CLANG_WARN_COMMA = YES;
				CLANG_WARN_CONSTANT_CONVERSION = YES;
				CLANG_WARN_DEPRECATED_OBJC_IMPLEMENTATIONS = YES;
				CLANG_WARN_DIRECT_OBJC_ISA_USAGE = YES_ERROR;
				CLANG_WARN_DOCUMENTATION_COMMENTS = YES;
				CLANG_WARN_EMPTY_BODY = YES;
				CLANG_WARN_ENUM_CONVERSION = YES;
				CLANG_WARN_INFINITE_RECURSION = YES;
				CLANG_WARN_INT_CONVERSION = YES;
				CLANG_WARN_NON_LITERAL_NULL_CONVERSION = YES;
				CLANG_WARN_OBJC_IMPLICIT_RETAIN_SELF = YES;
				CLANG_WARN_OBJC_LITERAL_CONVERSION = YES;
				CLANG_WARN_OBJC_ROOT_CLASS = YES_ERROR;
				CLANG_WARN_QUOTED_INCLUDE_IN_FRAMEWORK_HEADER = YES;
				CLANG_WARN_RANGE_LOOP_ANALYSIS = YES;
				CLANG_WARN_STRICT_PROTOTYPES = YES;
				CLANG_WARN_SUSPICIOUS_MOVE = YES;
				CLANG_WARN_UNGUARDED_AVAILABILITY = YES_AGGRESSIVE;
				CLANG_WARN_UNREACHABLE_CODE = YES;
				CLANG_WARN__DUPLICATE_METHOD_MATCH = YES;
				COPY_PHASE_STRIP = NO;
				DEBUG_INFORMATION_FORMAT = "dwarf-with-dsym";
				ENABLE_NS_ASSERTIONS = NO;
				ENABLE_STRICT_OBJC_MSGSEND = YES;
				ENABLE_USER_SCRIPT_SANDBOXING = YES;
				GCC_C_LANGUAGE_STANDARD = gnu17;
				GCC_NO_COMMON_BLOCKS = YES;
				GCC_WARN_64_TO_32_BIT_CONVERSION = YES;
				GCC_WARN_ABOUT_RETURN_TYPE = YES_ERROR;
				GCC_WARN_UNDECLARED_SELECTOR = YES;
				GCC_WARN_UNINITIALIZED_AUTOS = YES_AGGRESSIVE;
				GCC_WARN_UNUSED_FUNCTION = YES;
				GCC_WARN_UNUSED_VARIABLE = YES;
				IPHONEOS_DEPLOYMENT_TARGET = 15.0;
				LOCALIZATION_PREFERS_STRING_CATALOGS = YES;
				MTL_ENABLE_DEBUG_INFO = NO;
				MTL_FAST_MATH = YES;
				SDKROOT = iphoneos;
				SWIFT_COMPILATION_MODE = wholemodule;
				VALIDATE_PRODUCT = YES;
			};
			name = Release;
		};
		B6CF68FE2BE21087008EC91D /* Debug */ = {
			isa = XCBuildConfiguration;
			buildSettings = {
				ASSETCATALOG_COMPILER_APPICON_NAME = AppIcon;
				ASSETCATALOG_COMPILER_GLOBAL_ACCENT_COLOR_NAME = AccentColor;
				CODE_SIGN_STYLE = Automatic;
				CURRENT_PROJECT_VERSION = 1;
				DEVELOPMENT_ASSET_PATHS = "\"TicTacToeClassic/Preview Content\"";
				DEVELOPMENT_TEAM = M85NJXLM4F;
				ENABLE_PREVIEWS = YES;
				GENERATE_INFOPLIST_FILE = YES;
				INFOPLIST_KEY_UIApplicationSceneManifest_Generation = YES;
				INFOPLIST_KEY_UIApplicationSupportsIndirectInputEvents = YES;
				INFOPLIST_KEY_UILaunchScreen_Generation = YES;
				INFOPLIST_KEY_UILaunchStoryboardName = "Launch Screen.storyboard";
				INFOPLIST_KEY_UISupportedInterfaceOrientations = UIInterfaceOrientationPortrait;
				INFOPLIST_KEY_UISupportedInterfaceOrientations_iPad = "UIInterfaceOrientationLandscapeLeft UIInterfaceOrientationLandscapeRight UIInterfaceOrientationPortrait UIInterfaceOrientationPortraitUpsideDown";
				IPHONEOS_DEPLOYMENT_TARGET = 15.0;
				LD_RUNPATH_SEARCH_PATHS = (
					"$(inherited)",
					"@executable_path/Frameworks",
				);
				MARKETING_VERSION = 1.0;
				PRODUCT_BUNDLE_IDENTIFIER = com.kelvsricafort101.wordpress.TicTacToeClassic;
				PRODUCT_NAME = "$(TARGET_NAME)";
				SWIFT_EMIT_LOC_STRINGS = YES;
				SWIFT_VERSION = 5.0;
				TARGETED_DEVICE_FAMILY = "1,2";
			};
			name = Debug;
		};
		B6CF68FF2BE21087008EC91D /* Release */ = {
			isa = XCBuildConfiguration;
			buildSettings = {
				ASSETCATALOG_COMPILER_APPICON_NAME = AppIcon;
				ASSETCATALOG_COMPILER_GLOBAL_ACCENT_COLOR_NAME = AccentColor;
				CODE_SIGN_STYLE = Automatic;
				CURRENT_PROJECT_VERSION = 1;
				DEVELOPMENT_ASSET_PATHS = "\"TicTacToeClassic/Preview Content\"";
				DEVELOPMENT_TEAM = M85NJXLM4F;
				ENABLE_PREVIEWS = YES;
				GENERATE_INFOPLIST_FILE = YES;
				INFOPLIST_KEY_UIApplicationSceneManifest_Generation = YES;
				INFOPLIST_KEY_UIApplicationSupportsIndirectInputEvents = YES;
				INFOPLIST_KEY_UILaunchScreen_Generation = YES;
				INFOPLIST_KEY_UILaunchStoryboardName = "Launch Screen.storyboard";
				INFOPLIST_KEY_UISupportedInterfaceOrientations = UIInterfaceOrientationPortrait;
				INFOPLIST_KEY_UISupportedInterfaceOrientations_iPad = "UIInterfaceOrientationLandscapeLeft UIInterfaceOrientationLandscapeRight UIInterfaceOrientationPortrait UIInterfaceOrientationPortraitUpsideDown";
				IPHONEOS_DEPLOYMENT_TARGET = 15.0;
				LD_RUNPATH_SEARCH_PATHS = (
					"$(inherited)",
					"@executable_path/Frameworks",
				);
				MARKETING_VERSION = 1.0;
				PRODUCT_BUNDLE_IDENTIFIER = com.kelvsricafort101.wordpress.TicTacToeClassic;
				PRODUCT_NAME = "$(TARGET_NAME)";
				SWIFT_EMIT_LOC_STRINGS = YES;
				SWIFT_VERSION = 5.0;
				TARGETED_DEVICE_FAMILY = "1,2";
			};
			name = Release;
		};
/* End XCBuildConfiguration section */

/* Begin XCConfigurationList section */
		B6CF68EA2BE21055008EC91D /* Build configuration list for PBXProject "TicTacToeClassic" */ = {
			isa = XCConfigurationList;
			buildConfigurations = (
				B6CF68FB2BE21087008EC91D /* Debug */,
				B6CF68FC2BE21087008EC91D /* Release */,
			);
			defaultConfigurationIsVisible = 0;
			defaultConfigurationName = Release;
		};
		B6CF68FD2BE21087008EC91D /* Build configuration list for PBXNativeTarget "TicTacToeClassic" */ = {
			isa = XCConfigurationList;
			buildConfigurations = (
				B6CF68FE2BE21087008EC91D /* Debug */,
				B6CF68FF2BE21087008EC91D /* Release */,
			);
			defaultConfigurationIsVisible = 0;
			defaultConfigurationName = Release;
		};
/* End XCConfigurationList section */
	};
	rootObject = B6CF68E72BE21055008EC91D /* Project object */;
}
